{
  "name": "gym-calendar-ai",
  "lockfileVersion": 3,
  "requires": true,
  "packages": {
    "": {
      "name": "gym-calendar-ai",
      "dependencies": {
        "@mmmike/web-push": "^1.3.0"
      }
    },
    "node_modules/@mmmike/web-push": {
      "version": "1.3.0",
      "resolved": "https://registry.npmjs.org/@mmmike/web-push/-/web-push-1.3.0.tgz",
      "integrity": "sha512-E039fy/Ux27Aa9HpTzmPu92jHCksioALxn1rVJLKjuoJ0OdgtEJ9os+1FEEJ/1h4Tlk+szWZoWhmhxZbuzGl/A==",
      "license": "MIT",
      "engines": {
        "node": ">=22.12"
      }
    }
  }
}
